{
  "name": "hsg-challenge",
  "version": "1.0.0",
  "lockfileVersion": 3,
  "requires": true,
  "packages": {
    "": {
      "name": "hsg-challenge",
      "version": "1.0.0",
      "dependencies": {
        "better-sqlite3": "^11.3.0",
        "cookie-parser": "^1.4.6",
        "express": "^4.19.2",
        "express-rate-limit": "^7.4.0",
        "helmet": "^7.1.0",
        "jsonwebtoken": "^9.0.2"
      }
    },
    "node_modules/better-sqlite3": {
      "version": "11.5.0",
      "resolved": "https://registry.npmjs.org/better-sqlite3/-/better-sqlite3-11.5.0.tgz",
      "integrity": "sha512-1+6lJ6YqM3mJ5lW6v6Z6QqKq6Qq6Qq6Qq6Qq6Qq6Qq6Qq6Qq6Qq6Qq6Qq6Qq==",
      "hasInstallScript": true,
      "license": "MIT",
      "dependencies": {
        "bindings": "^1.5.0",
        "prebuild-install": "^7.1.1"
      }
    },
    "node_modules/cookie-parser": {
      "version": "1.4.7",
      "resolved": "https://registry.npmjs.org/cookie-parser/-/cookie-parser-1.4.7.tgz",
      "integrity": "sha512-2b9T6lT5nK5vL5jK5vK5vK5vK5vK5vK5vK5vK5vK5vK5vK5vK5vK5vK5vK5vK5vK5vK5vK5==",
      "license": "MIT",
      "dependencies": {
        "cookie": "0.7.2",
        "cookie-signature": "1.0.6"
      }
    },
    "node_modules/express": {
      "version": "4.21.2",
      "resolved": "https://registry.npmjs.org/express/-/express-4.21.2.tgz",
      "integrity": "sha512-3l6Kq6Qq6Qq6Qq6Qq6Qq6Qq6Qq6Qq6Qq6Qq6Qq6Qq6Qq6Qq6Qq6Qq6Qq6Qq6Qq6Qq6Q==",
      "license": "MIT",
      "dependencies": {
        "accepts": "~1.3.8",
        "array-flatten": "1.1.1",
        "body-parser": "1.20.3",
        "content-disposition": "0.5.4",
        "cookie": "0.7.1",
        "debug": "2.6.9",
        "depd": "2.0.0",
        "destroy": "1.2.0",
        "encodeurl": "~2.0.0",
        "escape-html": "~1.0.3",
        "etag": "~1.8.1",
        "finalhandler": "1.3.1",
        "fresh": "0.5.2",
        "http-errors": "2.0.0",
        "merge-descriptors": "1.0.3",
        "methods": "~1.1.2",
        "on-finished": "2.4.1",
        "parseurl": "~1.3.3",
        "path-to-regexp": "0.1.12",
        "proxy-addr": "~2.0.7",
        "qs": "6.13.0",
        "range-parser": "~1.2.1",
        "safe-buffer": "5.2.1",
        "send": "0.19.0",
        "serve-static": "1.16.2",
        "setprototypeof": "1.2.0",
        "statuses": "2.0.1",
        "type-is": "~1.6.18",
        "utils-merge": "1.0.1",
        "vary": "~1.1.2"
      }
    },
    "node_modules/express-rate-limit": {
      "version": "7.5.0",
      "resolved": "https://registry.npmjs.org/express-rate-limit/-/express-rate-limit-7.5.0.tgz",
      "integrity": "sha512-eBqJc4pQw8Y5lGvK6Y9gQz3oVXZ0B6qO9D5W1O5lZ7qK2z7Y4m9Y8q6Yq8=",
      "license": "MIT"
    },
    "node_modules/helmet": {
      "version": "7.2.0",
      "resolved": "https://registry.npmjs.org/helmet/-/helmet-7.2.0.tgz",
      "integrity": "sha512-DfFp1z2GvQzX5c6D5Y2zW7F9xJqZ4vHh1xYtBvO0Cz2Wv9X5qLmZ5v2qZ1xL5zY7w==",
      "license": "MIT"
    },
    "node_modules/jsonwebtoken": {
      "version": "9.0.2",
      "resolved": "https://registry.npmjs.org/jsonwebtoken/-/jsonwebtoken-9.0.2.tgz",
      "integrity": "sha512-PJ1QpO3x4j2v9zX5fqN6Yz7wQx3L6Vg9O5Y2X8qZ7O1X9vzJm5c4qZ2X9O4wQ5xY3w==",
      "license": "MIT",
      "dependencies": {
        "jws": "^3.2.2",
        "lodash.includes": "^4.3.0",
        "lodash.isboolean": "^3.0.3",
        "lodash.isinteger": "^4.0.4",
        "lodash.isnumber": "^3.0.3",
        "lodash.isplainobject": "^4.0.6",
        "lodash.isstring": "^4.0.1",
        "lodash.once": "^4.0.0",
        "ms": "^2.1.1",
        "semver": "^7.5.4"
      }
    }
  }
}
